
Microsoft Visual Studio Solution File, Format Version 12.00
# Visual Studio 15
VisualStudioVersion = 15.0.26730.16
MinimumVisualStudioVersion = 10.0.40219.1
Project("{2150E333-8FDC-42A3-9474-1A3956D46DE8}") = "Solution Items", "Solution Items", "{21AF18DF-CC59-470F-A9F5-2E6B6F4D41B0}"
	ProjectSection(SolutionItems) = preProject
		README.md = README.md
	EndProjectSection
EndProject
Project("{FAE04EC0-301F-11D3-BF4B-00C04F79EFBC}") = "Kinect.Server.Console", "Kinect.Server.Console\Kinect.Server.Console.csproj", "{F887D292-0B8A-4E4C-87AE-36A902880B63}"
EndProject
Project("{FAE04EC0-301F-11D3-BF4B-00C04F79EFBC}") = "Kinect.WPF.DepthViz", "Kinect.WPF.DepthViz\Kinect.WPF.DepthViz.csproj", "{9BF1616D-8B3E-4D78-94F3-B4AEA0222B37}"
EndProject
Project("{2150E333-8FDC-42A3-9474-1A3956D46DE8}") = "Server", "Server", "{2AC84717-5849-49DE-A4B1-6429205245BE}"
EndProject
Project("{2150E333-8FDC-42A3-9474-1A3956D46DE8}") = "Client", "Client", "{B1D6941A-05FA-4AE8-A7A7-ED36658CA750}"
EndProject
Project("{FAE04EC0-301F-11D3-BF4B-00C04F79EFBC}") = "Kinect.Service", "Kinect.Service\Kinect.Service.csproj", "{722E1829-75D0-4C63-9310-10F84767FB22}"
EndProject
Project("{FAE04EC0-301F-11D3-BF4B-00C04F79EFBC}") = "Kinect.Service.ConsoleHost", "Kinect.Service.ConsoleHost\Kinect.Service.ConsoleHost.csproj", "{8785AEB1-865B-4730-AF16-83E8B2784BF7}"
EndProject
Global
	GlobalSection(SolutionConfigurationPlatforms) = preSolution
		Debug|Any CPU = Debug|Any CPU
		Debug|x64 = Debug|x64
		Debug|x86 = Debug|x86
		Release|Any CPU = Release|Any CPU
		Release|x64 = Release|x64
		Release|x86 = Release|x86
	EndGlobalSection
	GlobalSection(ProjectConfigurationPlatforms) = postSolution
		{F887D292-0B8A-4E4C-87AE-36A902880B63}.Debug|Any CPU.ActiveCfg = Debug|Any CPU
		{F887D292-0B8A-4E4C-87AE-36A902880B63}.Debug|Any CPU.Build.0 = Debug|Any CPU
		{F887D292-0B8A-4E4C-87AE-36A902880B63}.Debug|x64.ActiveCfg = Debug|Any CPU
		{F887D292-0B8A-4E4C-87AE-36A902880B63}.Debug|x64.Build.0 = Debug|Any CPU
		{F887D292-0B8A-4E4C-87AE-36A902880B63}.Debug|x86.ActiveCfg = Debug|Any CPU
		{F887D292-0B8A-4E4C-87AE-36A902880B63}.Debug|x86.Build.0 = Debug|Any CPU
		{F887D292-0B8A-4E4C-87AE-36A902880B63}.Release|Any CPU.ActiveCfg = Release|Any CPU
		{F887D292-0B8A-4E4C-87AE-36A902880B63}.Release|Any CPU.Build.0 = Release|Any CPU
		{F887D292-0B8A-4E4C-87AE-36A902880B63}.Release|x64.ActiveCfg = Release|Any CPU
		{F887D292-0B8A-4E4C-87AE-36A902880B63}.Release|x64.Build.0 = Release|Any CPU
		{F887D292-0B8A-4E4C-87AE-36A902880B63}.Release|x86.ActiveCfg = Release|Any CPU
		{F887D292-0B8A-4E4C-87AE-36A902880B63}.Release|x86.Build.0 = Release|Any CPU
		{9BF1616D-8B3E-4D78-94F3-B4AEA0222B37}.Debug|Any CPU.ActiveCfg = Debug|Any CPU
		{9BF1616D-8B3E-4D78-94F3-B4AEA0222B37}.Debug|Any CPU.Build.0 = Debug|Any CPU
		{9BF1616D-8B3E-4D78-94F3-B4AEA0222B37}.Debug|x64.ActiveCfg = Debug|Any CPU
		{9BF1616D-8B3E-4D78-94F3-B4AEA0222B37}.Debug|x64.Build.0 = Debug|Any CPU
		{9BF1616D-8B3E-4D78-94F3-B4AEA0222B37}.Debug|x86.ActiveCfg = Debug|Any CPU
		{9BF1616D-8B3E-4D78-94F3-B4AEA0222B37}.Debug|x86.Build.0 = Debug|Any CPU
		{9BF1616D-8B3E-4D78-94F3-B4AEA0222B37}.Release|Any CPU.ActiveCfg = Release|Any CPU
		{9BF1616D-8B3E-4D78-94F3-B4AEA0222B37}.Release|Any CPU.Build.0 = Release|Any CPU
		{9BF1616D-8B3E-4D78-94F3-B4AEA0222B37}.Release|x64.ActiveCfg = Release|Any CPU
		{9BF1616D-8B3E-4D78-94F3-B4AEA0222B37}.Release|x64.Build.0 = Release|Any CPU
		{9BF1616D-8B3E-4D78-94F3-B4AEA0222B37}.Release|x86.ActiveCfg = Release|Any CPU
		{9BF1616D-8B3E-4D78-94F3-B4AEA0222B37}.Release|x86.Build.0 = Release|Any CPU
		{722E1829-75D0-4C63-9310-10F84767FB22}.Debug|Any CPU.ActiveCfg = Debug|Any CPU
		{722E1829-75D0-4C63-9310-10F84767FB22}.Debug|Any CPU.Build.0 = Debug|Any CPU
		{722E1829-75D0-4C63-9310-10F84767FB22}.Debug|x64.ActiveCfg = Debug|Any CPU
		{722E1829-75D0-4C63-9310-10F84767FB22}.Debug|x64.Build.0 = Debug|Any CPU
		{722E1829-75D0-4C63-9310-10F84767FB22}.Debug|x86.ActiveCfg = Debug|Any CPU
		{722E1829-75D0-4C63-9310-10F84767FB22}.Debug|x86.Build.0 = Debug|Any CPU
		{722E1829-75D0-4C63-9310-10F84767FB22}.Release|Any CPU.ActiveCfg = Release|Any CPU
		{722E1829-75D0-4C63-9310-10F84767FB22}.Release|Any CPU.Build.0 = Release|Any CPU
		{722E1829-75D0-4C63-9310-10F84767FB22}.Release|x64.ActiveCfg = Release|Any CPU
		{722E1829-75D0-4C63-9310-10F84767FB22}.Release|x64.Build.0 = Release|Any CPU
		{722E1829-75D0-4C63-9310-10F84767FB22}.Release|x86.ActiveCfg = Release|Any CPU
		{722E1829-75D0-4C63-9310-10F84767FB22}.Release|x86.Build.0 = Release|Any CPU
		{8785AEB1-865B-4730-AF16-83E8B2784BF7}.Debug|Any CPU.ActiveCfg = Debug|Any CPU
		{8785AEB1-865B-4730-AF16-83E8B2784BF7}.Debug|Any CPU.Build.0 = Debug|Any CPU
		{8785AEB1-865B-4730-AF16-83E8B2784BF7}.Debug|x64.ActiveCfg = Debug|Any CPU
		{8785AEB1-865B-4730-AF16-83E8B2784BF7}.Debug|x64.Build.0 = Debug|Any CPU
		{8785AEB1-865B-4730-AF16-83E8B2784BF7}.Debug|x86.ActiveCfg = Debug|Any CPU
		{8785AEB1-865B-4730-AF16-83E8B2784BF7}.Debug|x86.Build.0 = Debug|Any CPU
		{8785AEB1-865B-4730-AF16-83E8B2784BF7}.Release|Any CPU.ActiveCfg = Release|Any CPU
		{8785AEB1-865B-4730-AF16-83E8B2784BF7}.Release|Any CPU.Build.0 = Release|Any CPU
		{8785AEB1-865B-4730-AF16-83E8B2784BF7}.Release|x64.ActiveCfg = Release|Any CPU
		{8785AEB1-865B-4730-AF16-83E8B2784BF7}.Release|x64.Build.0 = Release|Any CPU
		{8785AEB1-865B-4730-AF16-83E8B2784BF7}.Release|x86.ActiveCfg = Release|Any CPU
		{8785AEB1-865B-4730-AF16-83E8B2784BF7}.Release|x86.Build.0 = Release|Any CPU
	EndGlobalSection
	GlobalSection(SolutionProperties) = preSolution
		HideSolutionNode = FALSE
	EndGlobalSection
	GlobalSection(NestedProjects) = preSolution
		{F887D292-0B8A-4E4C-87AE-36A902880B63} = {B1D6941A-05FA-4AE8-A7A7-ED36658CA750}
		{9BF1616D-8B3E-4D78-94F3-B4AEA0222B37} = {B1D6941A-05FA-4AE8-A7A7-ED36658CA750}
		{722E1829-75D0-4C63-9310-10F84767FB22} = {2AC84717-5849-49DE-A4B1-6429205245BE}
		{8785AEB1-865B-4730-AF16-83E8B2784BF7} = {2AC84717-5849-49DE-A4B1-6429205245BE}
	EndGlobalSection
	GlobalSection(ExtensibilityGlobals) = postSolution
		SolutionGuid = {897C8FE3-7340-451B-A43D-CF5FF6C65D98}
	EndGlobalSection
	GlobalSection(Performance) = preSolution
		HasPerformanceSessions = true
	EndGlobalSection
EndGlobal
